// !$*UTF8*$!
{
	archiveVersion = 1;
	classes = {
	};
	objectVersion = 50;
	objects = {

/* Begin PBXBuildFile section */
		CEA5046F274EBDA3005BE8D3 /* TMDbApp.swift in Sources */ = {isa = PBXBuildFile; fileRef = CEA5046E274EBDA3005BE8D3 /* TMDbApp.swift */; };
		CEA50471274EBDA3005BE8D3 /* ContentView.swift in Sources */ = {isa = PBXBuildFile; fileRef = CEA50470274EBDA3005BE8D3 /* ContentView.swift */; };
		CEA50473274EBDA4005BE8D3 /* Assets.xcassets in Resources */ = {isa = PBXBuildFile; fileRef = CEA50472274EBDA4005BE8D3 /* Assets.xcassets */; };
		CEA50476274EBDA4005BE8D3 /* Preview Assets.xcassets in Resources */ = {isa = PBXBuildFile; fileRef = CEA50475274EBDA4005BE8D3 /* Preview Assets.xcassets */; };
		CEA50481274EBDA4005BE8D3 /* TMDbTests.swift in Sources */ = {isa = PBXBuildFile; fileRef = CEA50480274EBDA4005BE8D3 /* TMDbTests.swift */; };
		CEA5048C274EBDA4005BE8D3 /* TMDbUITests.swift in Sources */ = {isa = PBXBuildFile; fileRef = CEA5048B274EBDA4005BE8D3 /* TMDbUITests.swift */; };
/* End PBXBuildFile section */

/* Begin PBXContainerItemProxy section */
		CEA5047D274EBDA4005BE8D3 /* PBXContainerItemProxy */ = {
			isa = PBXContainerItemProxy;
			containerPortal = CEA50463274EBDA3005BE8D3 /* Project object */;
			proxyType = 1;
			remoteGlobalIDString = CEA5046A274EBDA3005BE8D3;
			remoteInfo = TMDb;
		};
		CEA50488274EBDA4005BE8D3 /* PBXContainerItemProxy */ = {
			isa = PBXContainerItemProxy;
			containerPortal = CEA50463274EBDA3005BE8D3 /* Project object */;
			proxyType = 1;
			remoteGlobalIDString = CEA5046A274EBDA3005BE8D3;
			remoteInfo = TMDb;
		};
/* End PBXContainerItemProxy section */

/* Begin PBXFileReference section */
		CEA5046B274EBDA3005BE8D3 /* TMDb.app */ = {isa = PBXFileReference; explicitFileType = wrapper.application; includeInIndex = 0; path = TMDb.app; sourceTree = BUILT_PRODUCTS_DIR; };
		CEA5046E274EBDA3005BE8D3 /* TMDbApp.swift */ = {isa = PBXFileReference; lastKnownFileType = sourcecode.swift; path = TMDbApp.swift; sourceTree = "<group>"; };
		CEA50470274EBDA3005BE8D3 /* ContentView.swift */ = {isa = PBXFileReference; lastKnownFileType = sourcecode.swift; path = ContentView.swift; sourceTree = "<group>"; };
		CEA50472274EBDA4005BE8D3 /* Assets.xcassets */ = {isa = PBXFileReference; lastKnownFileType = folder.assetcatalog; path = Assets.xcassets; sourceTree = "<group>"; };
		CEA50475274EBDA4005BE8D3 /* Preview Assets.xcassets */ = {isa = PBXFileReference; lastKnownFileType = folder.assetcatalog; path = "Preview Assets.xcassets"; sourceTree = "<group>"; };
		CEA50477274EBDA4005BE8D3 /* Info.plist */ = {isa = PBXFileReference; lastKnownFileType = text.plist.xml; path = Info.plist; sourceTree = "<group>"; };
		CEA5047C274EBDA4005BE8D3 /* TMDbTests.xctest */ = {isa = PBXFileReference; explicitFileType = wrapper.cfbundle; includeInIndex = 0; path = TMDbTests.xctest; sourceTree = BUILT_PRODUCTS_DIR; };
		CEA50480274EBDA4005BE8D3 /* TMDbTests.swift */ = {isa = PBXFileReference; lastKnownFileType = sourcecode.swift; path = TMDbTests.swift; sourceTree = "<group>"; };
		CEA50482274EBDA4005BE8D3 /* Info.plist */ = {isa = PBXFileReference; lastKnownFileType = text.plist.xml; path = Info.plist; sourceTree = "<group>"; };
		CEA50487274EBDA4005BE8D3 /* TMDbUITests.xctest */ = {isa = PBXFileReference; explicitFileType = wrapper.cfbundle; includeInIndex = 0; path = TMDbUITests.xctest; sourceTree = BUILT_PRODUCTS_DIR; };
		CEA5048B274EBDA4005BE8D3 /* TMDbUITests.swift */ = {isa = PBXFileReference; lastKnownFileType = sourcecode.swift; path = TMDbUITests.swift; sourceTree = "<group>"; };
		CEA5048D274EBDA4005BE8D3 /* Info.plist */ = {isa = PBXFileReference; lastKnownFileType = text.plist.xml; path = Info.plist; sourceTree = "<group>"; };
/* End PBXFileReference section */

/* Begin PBXFrameworksBuildPhase section */
		CEA50468274EBDA3005BE8D3 /* Frameworks */ = {
			isa = PBXFrameworksBuildPhase;
			buildActionMask = 2147483647;
			files = (
			);
			runOnlyForDeploymentPostprocessing = 0;
		};
		CEA50479274EBDA4005BE8D3 /* Frameworks */ = {
			isa = PBXFrameworksBuildPhase;
			buildActionMask = 2147483647;
			files = (
			);
			runOnlyForDeploymentPostprocessing = 0;
		};
		CEA50484274EBDA4005BE8D3 /* Frameworks */ = {
			isa = PBXFrameworksBuildPhase;
			buildActionMask = 2147483647;
			files = (
			);
			runOnlyForDeploymentPostprocessing = 0;
		};
/* End PBXFrameworksBuildPhase section */

/* Begin PBXGroup section */
		CEA50462274EBDA3005BE8D3 = {
			isa = PBXGroup;
			children = (
				CEA5046D274EBDA3005BE8D3 /* TMDb */,
				CEA5047F274EBDA4005BE8D3 /* TMDbTests */,
				CEA5048A274EBDA4005BE8D3 /* TMDbUITests */,
				CEA5046C274EBDA3005BE8D3 /* Products */,
			);
			sourceTree = "<group>";
		};
		CEA5046C274EBDA3005BE8D3 /* Products */ = {
			isa = PBXGroup;
			children = (
				CEA5046B274EBDA3005BE8D3 /* TMDb.app */,
				CEA5047C274EBDA4005BE8D3 /* TMDbTests.xctest */,
				CEA50487274EBDA4005BE8D3 /* TMDbUITests.xctest */,
			);
			name = Products;
			sourceTree = "<group>";
		};
		CEA5046D274EBDA3005BE8D3 /* TMDb */ = {
			isa = PBXGroup;
			children = (
				CEA5046E274EBDA3005BE8D3 /* TMDbApp.swift */,
				CEA50470274EBDA3005BE8D3 /* ContentView.swift */,
				CEA50472274EBDA4005BE8D3 /* Assets.xcassets */,
				CEA50477274EBDA4005BE8D3 /* Info.plist */,
				CEA50474274EBDA4005BE8D3 /* Preview Content */,
			);
			path = TMDb;
			sourceTree = "<group>";
		};
		CEA50474274EBDA4005BE8D3 /* Preview Content */ = {
			isa = PBXGroup;
			children = (
				CEA50475274EBDA4005BE8D3 /* Preview Assets.xcassets */,
			);
			path = "Preview Content";
			sourceTree = "<group>";
		};
		CEA5047F274EBDA4005BE8D3 /* TMDbTests */ = {
			isa = PBXGroup;
			children = (
				CEA50480274EBDA4005BE8D3 /* TMDbTests.swift */,
				CEA50482274EBDA4005BE8D3 /* Info.plist */,
			);
			path = TMDbTests;
			sourceTree = "<group>";
		};
		CEA5048A274EBDA4005BE8D3 /* TMDbUITests */ = {
			isa = PBXGroup;
			children = (
				CEA5048B274EBDA4005BE8D3 /* TMDbUITests.swift */,
				CEA5048D274EBDA4005BE8D3 /* Info.plist */,
			);
			path = TMDbUITests;
			sourceTree = "<group>";
		};
/* End PBXGroup section */

/* Begin PBXNativeTarget section */
		CEA5046A274EBDA3005BE8D3 /* TMDb */ = {
			isa = PBXNativeTarget;
			buildConfigurationList = CEA50490274EBDA4005BE8D3 /* Build configuration list for PBXNativeTarget "TMDb" */;
			buildPhases = (
				CEA50467274EBDA3005BE8D3 /* Sources */,
				CEA50468274EBDA3005BE8D3 /* Frameworks */,
				CEA50469274EBDA3005BE8D3 /* Resources */,
			);
			buildRules = (
			);
			dependencies = (
			);
			name = TMDb;
			productName = TMDb;
			productReference = CEA5046B274EBDA3005BE8D3 /* TMDb.app */;
			productType = "com.apple.product-type.application";
		};
		CEA5047B274EBDA4005BE8D3 /* TMDbTests */ = {
			isa = PBXNativeTarget;
			buildConfigurationList = CEA50493274EBDA4005BE8D3 /* Build configuration list for PBXNativeTarget "TMDbTests" */;
			buildPhases = (
				CEA50478274EBDA4005BE8D3 /* Sources */,
				CEA50479274EBDA4005BE8D3 /* Frameworks */,
				CEA5047A274EBDA4005BE8D3 /* Resources */,
			);
			buildRules = (
			);
			dependencies = (
				CEA5047E274EBDA4005BE8D3 /* PBXTargetDependency */,
			);
			name = TMDbTests;
			productName = TMDbTests;
			productReference = CEA5047C274EBDA4005BE8D3 /* TMDbTests.xctest */;
			productType = "com.apple.product-type.bundle.unit-test";
		};
		CEA50486274EBDA4005BE8D3 /* TMDbUITests */ = {
			isa = PBXNativeTarget;
			buildConfigurationList = CEA50496274EBDA4005BE8D3 /* Build configuration list for PBXNativeTarget "TMDbUITests" */;
			buildPhases = (
				CEA50483274EBDA4005BE8D3 /* Sources */,
				CEA50484274EBDA4005BE8D3 /* Frameworks */,
				CEA50485274EBDA4005BE8D3 /* Resources */,
			);
			buildRules = (
			);
			dependencies = (
				CEA50489274EBDA4005BE8D3 /* PBXTargetDependency */,
			);
			name = TMDbUITests;
			productName = TMDbUITests;
			productReference = CEA50487274EBDA4005BE8D3 /* TMDbUITests.xctest */;
			productType = "com.apple.product-type.bundle.ui-testing";
		};
/* End PBXNativeTarget section */

/* Begin PBXProject section */
		CEA50463274EBDA3005BE8D3 /* Project object */ = {
			isa = PBXProject;
			attributes = {
				LastSwiftUpdateCheck = 1240;
				LastUpgradeCheck = 1240;
				TargetAttributes = {
					CEA5046A274EBDA3005BE8D3 = {
						CreatedOnToolsVersion = 12.4;
					};
					CEA5047B274EBDA4005BE8D3 = {
						CreatedOnToolsVersion = 12.4;
						TestTargetID = CEA5046A274EBDA3005BE8D3;
					};
					CEA50486274EBDA4005BE8D3 = {
						CreatedOnToolsVersion = 12.4;
						TestTargetID = CEA5046A274EBDA3005BE8D3;
					};
				};
			};
			buildConfigurationList = CEA50466274EBDA3005BE8D3 /* Build configuration list for PBXProject "TMDb" */;
			compatibilityVersion = "Xcode 9.3";
			developmentRegion = en;
			hasScannedForEncodings = 0;
			knownRegions = (
				en,
				Base,
			);
			mainGroup = CEA50462274EBDA3005BE8D3;
			productRefGroup = CEA5046C274EBDA3005BE8D3 /* Products */;
			projectDirPath = "";
			projectRoot = "";
			targets = (
				CEA5046A274EBDA3005BE8D3 /* TMDb */,
				CEA5047B274EBDA4005BE8D3 /* TMDbTests */,
				CEA50486274EBDA4005BE8D3 /* TMDbUITests */,
			);
		};
/* End PBXProject section */

/* Begin PBXResourcesBuildPhase section */
		CEA50469274EBDA3005BE8D3 /* Resources */ = {
			isa = PBXResourcesBuildPhase;
			buildActionMask = 2147483647;
			files = (
				CEA50476274EBDA4005BE8D3 /* Preview Assets.xcassets in Resources */,
				CEA50473274EBDA4005BE8D3 /* Assets.xcassets in Resources */,
			);
			runOnlyForDeploymentPostprocessing = 0;
		};
		CEA5047A274EBDA4005BE8D3 /* Resources */ = {
			isa = PBXResourcesBuildPhase;
			buildActionMask = 2147483647;
			files = (
			);
			runOnlyForDeploymentPostprocessing = 0;
		};
		CEA50485274EBDA4005BE8D3 /* Resources */ = {
			isa = PBXResourcesBuildPhase;
			buildActionMask = 2147483647;
			files = (
			);
			runOnlyForDeploymentPostprocessing = 0;
		};
/* End PBXResourcesBuildPhase section */

/* Begin PBXSourcesBuildPhase section */
		CEA50467274EBDA3005BE8D3 /* Sources */ = {
			isa = PBXSourcesBuildPhase;
			buildActionMask = 2147483647;
			files = (
				CEA50471274EBDA3005BE8D3 /* ContentView.swift in Sources */,
				CEA5046F274EBDA3005BE8D3 /* TMDbApp.swift in Sources */,
			);
			runOnlyForDeploymentPostprocessing = 0;
		};
		CEA50478274EBDA4005BE8D3 /* Sources */ = {
			isa = PBXSourcesBuildPhase;
			buildActionMask = 2147483647;
			files = (
				CEA50481274EBDA4005BE8D3 /* TMDbTests.swift in Sources */,
			);
			runOnlyForDeploymentPostprocessing = 0;
		};
		CEA50483274EBDA4005BE8D3 /* Sources */ = {
			isa = PBXSourcesBuildPhase;
			buildActionMask = 2147483647;
			files = (
				CEA5048C274EBDA4005BE8D3 /* TMDbUITests.swift in Sources */,
			);
			runOnlyForDeploymentPostprocessing = 0;
		};
/* End PBXSourcesBuildPhase section */

/* Begin PBXTargetDependency section */
		CEA5047E274EBDA4005BE8D3 /* PBXTargetDependency */ = {
			isa = PBXTargetDependency;
			target = CEA5046A274EBDA3005BE8D3 /* TMDb */;
			targetProxy = CEA5047D274EBDA4005BE8D3 /* PBXContainerItemProxy */;
		};
		CEA50489274EBDA4005BE8D3 /* PBXTargetDependency */ = {
			isa = PBXTargetDependency;
			target = CEA5046A274EBDA3005BE8D3 /* TMDb */;
			targetProxy = CEA50488274EBDA4005BE8D3 /* PBXContainerItemProxy */;
		};
/* End PBXTargetDependency section */

/* Begin XCBuildConfiguration section */
		CEA5048E274EBDA4005BE8D3 /* Debug */ = {
			isa = XCBuildConfiguration;
			buildSettings = {
				ALWAYS_SEARCH_USER_PATHS = NO;
				CLANG_ANALYZER_NONNULL = YES;
				CLANG_ANALYZER_NUMBER_OBJECT_CONVERSION = YES_AGGRESSIVE;
				CLANG_CXX_LANGUAGE_STANDARD = "gnu++14";
				CLANG_CXX_LIBRARY = "libc++";
				CLANG_ENABLE_MODULES = YES;
				CLANG_ENABLE_OBJC_ARC = YES;
				CLANG_ENABLE_OBJC_WEAK = YES;
				CLANG_WARN_BLOCK_CAPTURE_AUTORELEASING = YES;
				CLANG_WARN_BOOL_CONVERSION = YES;
				CLANG_WARN_COMMA = YES;
				CLANG_WARN_CONSTANT_CONVERSION = YES;
				CLANG_WARN_DEPRECATED_OBJC_IMPLEMENTATIONS = YES;
				CLANG_WARN_DIRECT_OBJC_ISA_USAGE = YES_ERROR;
				CLANG_WARN_DOCUMENTATION_COMMENTS = YES;
				CLANG_WARN_EMPTY_BODY = YES;
				CLANG_WARN_ENUM_CONVERSION = YES;
				CLANG_WARN_INFINITE_RECURSION = YES;
				CLANG_WARN_INT_CONVERSION = YES;
				CLANG_WARN_NON_LITERAL_NULL_CONVERSION = YES;
				CLANG_WARN_OBJC_IMPLICIT_RETAIN_SELF = YES;
				CLANG_WARN_OBJC_LITERAL_CONVERSION = YES;
				CLANG_WARN_OBJC_ROOT_CLASS = YES_ERROR;
				CLANG_WARN_QUOTED_INCLUDE_IN_FRAMEWORK_HEADER = YES;
				CLANG_WARN_RANGE_LOOP_ANALYSIS = YES;
				CLANG_WARN_STRICT_PROTOTYPES = YES;
				CLANG_WARN_SUSPICIOUS_MOVE = YES;
				CLANG_WARN_UNGUARDED_AVAILABILITY = YES_AGGRESSIVE;
				CLANG_WARN_UNREACHABLE_CODE = YES;
				CLANG_WARN__DUPLICATE_METHOD_MATCH = YES;
				COPY_PHASE_STRIP = NO;
				DEBUG_INFORMATION_FORMAT = dwarf;
				ENABLE_STRICT_OBJC_MSGSEND = YES;
				ENABLE_TESTABILITY = YES;
				GCC_C_LANGUAGE_STANDARD = gnu11;
				GCC_DYNAMIC_NO_PIC = NO;
				GCC_NO_COMMON_BLOCKS = YES;
				GCC_OPTIMIZATION_LEVEL = 0;
				GCC_PREPROCESSOR_DEFINITIONS = (
					"DEBUG=1",
					"$(inherited)",
				);
				GCC_WARN_64_TO_32_BIT_CONVERSION = YES;
				GCC_WARN_ABOUT_RETURN_TYPE = YES_ERROR;
				GCC_WARN_UNDECLARED_SELECTOR = YES;
				GCC_WARN_UNINITIALIZED_AUTOS = YES_AGGRESSIVE;
				GCC_WARN_UNUSED_FUNCTION = YES;
				GCC_WARN_UNUSED_VARIABLE = YES;
				IPHONEOS_DEPLOYMENT_TARGET = 14.4;
				MTL_ENABLE_DEBUG_INFO = INCLUDE_SOURCE;
				MTL_FAST_MATH = YES;
				ONLY_ACTIVE_ARCH = YES;
				SDKROOT = iphoneos;
				SWIFT_ACTIVE_COMPILATION_CONDITIONS = DEBUG;
				SWIFT_OPTIMIZATION_LEVEL = "-Onone";
			};
			name = Debug;
		};
		CEA5048F274EBDA4005BE8D3 /* Release */ = {
			isa = XCBuildConfiguration;
			buildSettings = {
				ALWAYS_SEARCH_USER_PATHS = NO;
				CLANG_ANALYZER_NONNULL = YES;
				CLANG_ANALYZER_NUMBER_OBJECT_CONVERSION = YES_AGGRESSIVE;
				CLANG_CXX_LANGUAGE_STANDARD = "gnu++14";
				CLANG_CXX_LIBRARY = "libc++";
				CLANG_ENABLE_MODULES = YES;
				CLANG_ENABLE_OBJC_ARC = YES;
				CLANG_ENABLE_OBJC_WEAK = YES;
				CLANG_WARN_BLOCK_CAPTURE_AUTORELEASING = YES;
				CLANG_WARN_BOOL_CONVERSION = YES;
				CLANG_WARN_COMMA = YES;
				CLANG_WARN_CONSTANT_CONVERSION = YES;
				CLANG_WARN_DEPRECATED_OBJC_IMPLEMENTATIONS = YES;
				CLANG_WARN_DIRECT_OBJC_ISA_USAGE = YES_ERROR;
				CLANG_WARN_DOCUMENTATION_COMMENTS = YES;
				CLANG_WARN_EMPTY_BODY = YES;
				CLANG_WARN_ENUM_CONVERSION = YES;
				CLANG_WARN_INFINITE_RECURSION = YES;
				CLANG_WARN_INT_CONVERSION = YES;
				CLANG_WARN_NON_LITERAL_NULL_CONVERSION = YES;
				CLANG_WARN_OBJC_IMPLICIT_RETAIN_SELF = YES;
				CLANG_WARN_OBJC_LITERAL_CONVERSION = YES;
				CLANG_WARN_OBJC_ROOT_CLASS = YES_ERROR;
				CLANG_WARN_QUOTED_INCLUDE_IN_FRAMEWORK_HEADER = YES;
				CLANG_WARN_RANGE_LOOP_ANALYSIS = YES;
				CLANG_WARN_STRICT_PROTOTYPES = YES;
				CLANG_WARN_SUSPICIOUS_MOVE = YES;
				CLANG_WARN_UNGUARDED_AVAILABILITY = YES_AGGRESSIVE;
				CLANG_WARN_UNREACHABLE_CODE = YES;
				CLANG_WARN__DUPLICATE_METHOD_MATCH = YES;
				COPY_PHASE_STRIP = NO;
				DEBUG_INFORMATION_FORMAT = "dwarf-with-dsym";
				ENABLE_NS_ASSERTIONS = NO;
				ENABLE_STRICT_OBJC_MSGSEND = YES;
				GCC_C_LANGUAGE_STANDARD = gnu11;
				GCC_NO_COMMON_BLOCKS = YES;
				GCC_WARN_64_TO_32_BIT_CONVERSION = YES;
				GCC_WARN_ABOUT_RETURN_TYPE = YES_ERROR;
				GCC_WARN_UNDECLARED_SELECTOR = YES;
				GCC_WARN_UNINITIALIZED_AUTOS = YES_AGGRESSIVE;
				GCC_WARN_UNUSED_FUNCTION = YES;
				GCC_WARN_UNUSED_VARIABLE = YES;
				IPHONEOS_DEPLOYMENT_TARGET = 14.4;
				MTL_ENABLE_DEBUG_INFO = NO;
				MTL_FAST_MATH = YES;
				SDKROOT = iphoneos;
				SWIFT_COMPILATION_MODE = wholemodule;
				SWIFT_OPTIMIZATION_LEVEL = "-O";
				VALIDATE_PRODUCT = YES;
			};
			name = Release;
		};
		CEA50491274EBDA4005BE8D3 /* Debug */ = {
			isa = XCBuildConfiguration;
			buildSettings = {
				ASSETCATALOG_COMPILER_APPICON_NAME = AppIcon;
				ASSETCATALOG_COMPILER_GLOBAL_ACCENT_COLOR_NAME = AccentColor;
				CODE_SIGN_STYLE = Automatic;
				DEVELOPMENT_ASSET_PATHS = "\"TMDb/Preview Content\"";
				ENABLE_PREVIEWS = YES;
				INFOPLIST_FILE = TMDb/Info.plist;
				IPHONEOS_DEPLOYMENT_TARGET = 14.0;
				LD_RUNPATH_SEARCH_PATHS = (
					"$(inherited)",
					"@executable_path/Frameworks",
				);
				PRODUCT_BUNDLE_IDENTIFIER = io.roneshender.dev.TMDb;
				PRODUCT_NAME = "$(TARGET_NAME)";
				SWIFT_VERSION = 5.0;
				TARGETED_DEVICE_FAMILY = "1,2";
			};
			name = Debug;
		};
		CEA50492274EBDA4005BE8D3 /* Release */ = {
			isa = XCBuildConfiguration;
			buildSettings = {
				ASSETCATALOG_COMPILER_APPICON_NAME = AppIcon;
				ASSETCATALOG_COMPILER_GLOBAL_ACCENT_COLOR_NAME = AccentColor;
				CODE_SIGN_STYLE = Automatic;
				DEVELOPMENT_ASSET_PATHS = "\"TMDb/Preview Content\"";
				ENABLE_PREVIEWS = YES;
				INFOPLIST_FILE = TMDb/Info.plist;
				IPHONEOS_DEPLOYMENT_TARGET = 14.0;
				LD_RUNPATH_SEARCH_PATHS = (
					"$(inherited)",
					"@executable_path/Frameworks",
				);
				PRODUCT_BUNDLE_IDENTIFIER = io.roneshender.dev.TMDb;
				PRODUCT_NAME = "$(TARGET_NAME)";
				SWIFT_VERSION = 5.0;
				TARGETED_DEVICE_FAMILY = "1,2";
			};
			name = Release;
		};
		CEA50494274EBDA4005BE8D3 /* Debug */ = {
			isa = XCBuildConfiguration;
			buildSettings = {
				ALWAYS_EMBED_SWIFT_STANDARD_LIBRARIES = YES;
				BUNDLE_LOADER = "$(TEST_HOST)";
				CODE_SIGN_STYLE = Automatic;
				INFOPLIST_FILE = TMDbTests/Info.plist;
				IPHONEOS_DEPLOYMENT_TARGET = 14.0;
				LD_RUNPATH_SEARCH_PATHS = (
					"$(inherited)",
					"@executable_path/Frameworks",
					"@loader_path/Frameworks",
				);
				PRODUCT_BUNDLE_IDENTIFIER = io.roneshender.dev.TMDbTests;
				PRODUCT_NAME = "$(TARGET_NAME)";
				SWIFT_VERSION = 5.0;
				TARGETED_DEVICE_FAMILY = "1,2";
				TEST_HOST = "$(BUILT_PRODUCTS_DIR)/TMDb.app/TMDb";
			};
			name = Debug;
		};
		CEA50495274EBDA4005BE8D3 /* Release */ = {
			isa = XCBuildConfiguration;
			buildSettings = {
				ALWAYS_EMBED_SWIFT_STANDARD_LIBRARIES = YES;
				BUNDLE_LOADER = "$(TEST_HOST)";
				CODE_SIGN_STYLE = Automatic;
				INFOPLIST_FILE = TMDbTests/Info.plist;
				IPHONEOS_DEPLOYMENT_TARGET = 14.0;
				LD_RUNPATH_SEARCH_PATHS = (
					"$(inherited)",
					"@executable_path/Frameworks",
					"@loader_path/Frameworks",
				);
				PRODUCT_BUNDLE_IDENTIFIER = io.roneshender.dev.TMDbTests;
				PRODUCT_NAME = "$(TARGET_NAME)";
				SWIFT_VERSION = 5.0;
				TARGETED_DEVICE_FAMILY = "1,2";
				TEST_HOST = "$(BUILT_PRODUCTS_DIR)/TMDb.app/TMDb";
			};
			name = Release;
		};
		CEA50497274EBDA4005BE8D3 /* Debug */ = {
			isa = XCBuildConfiguration;
			buildSettings = {
				ALWAYS_EMBED_SWIFT_STANDARD_LIBRARIES = YES;
				CODE_SIGN_STYLE = Automatic;
				INFOPLIST_FILE = TMDbUITests/Info.plist;
				LD_RUNPATH_SEARCH_PATHS = (
					"$(inherited)",
					"@executable_path/Frameworks",
					"@loader_path/Frameworks",
				);
				PRODUCT_BUNDLE_IDENTIFIER = io.roneshender.dev.TMDbUITests;
				PRODUCT_NAME = "$(TARGET_NAME)";
				SWIFT_VERSION = 5.0;
				TARGETED_DEVICE_FAMILY = "1,2";
				TEST_TARGET_NAME = TMDb;
			};
			name = Debug;
		};
		CEA50498274EBDA4005BE8D3 /* Release */ = {
			isa = XCBuildConfiguration;
			buildSettings = {
				ALWAYS_EMBED_SWIFT_STANDARD_LIBRARIES = YES;
				CODE_SIGN_STYLE = Automatic;
				INFOPLIST_FILE = TMDbUITests/Info.plist;
				LD_RUNPATH_SEARCH_PATHS = (
					"$(inherited)",
					"@executable_path/Frameworks",
					"@loader_path/Frameworks",
				);
				PRODUCT_BUNDLE_IDENTIFIER = io.roneshender.dev.TMDbUITests;
				PRODUCT_NAME = "$(TARGET_NAME)";
				SWIFT_VERSION = 5.0;
				TARGETED_DEVICE_FAMILY = "1,2";
				TEST_TARGET_NAME = TMDb;
			};
			name = Release;
		};
/* End XCBuildConfiguration section */

/* Begin XCConfigurationList section */
		CEA50466274EBDA3005BE8D3 /* Build configuration list for PBXProject "TMDb" */ = {
			isa = XCConfigurationList;
			buildConfigurations = (
				CEA5048E274EBDA4005BE8D3 /* Debug */,
				CEA5048F274EBDA4005BE8D3 /* Release */,
			);
			defaultConfigurationIsVisible = 0;
			defaultConfigurationName = Release;
		};
		CEA50490274EBDA4005BE8D3 /* Build configuration list for PBXNativeTarget "TMDb" */ = {
			isa = XCConfigurationList;
			buildConfigurations = (
				CEA50491274EBDA4005BE8D3 /* Debug */,
				CEA50492274EBDA4005BE8D3 /* Release */,
			);
			defaultConfigurationIsVisible = 0;
			defaultConfigurationName = Release;
		};
		CEA50493274EBDA4005BE8D3 /* Build configuration list for PBXNativeTarget "TMDbTests" */ = {
			isa = XCConfigurationList;
			buildConfigurations = (
				CEA50494274EBDA4005BE8D3 /* Debug */,
				CEA50495274EBDA4005BE8D3 /* Release */,
			);
			defaultConfigurationIsVisible = 0;
			defaultConfigurationName = Release;
		};
		CEA50496274EBDA4005BE8D3 /* Build configuration list for PBXNativeTarget "TMDbUITests" */ = {
			isa = XCConfigurationList;
			buildConfigurations = (
				CEA50497274EBDA4005BE8D3 /* Debug */,
				CEA50498274EBDA4005BE8D3 /* Release */,
			);
			defaultConfigurationIsVisible = 0;
			defaultConfigurationName = Release;
		};
/* End XCConfigurationList section */
	};
	rootObject = CEA50463274EBDA3005BE8D3 /* Project object */;
}
