// !$*UTF8*$!
{
	archiveVersion = 1;
	classes = {
	};
	objectVersion = 52;
	objects = {

/* Begin PBXBuildFile section */
		CE0137E527562B3100316778 /* VideoMovieResponse.swift in Sources */ = {isa = PBXBuildFile; fileRef = CE0137E427562B3100316778 /* VideoMovieResponse.swift */; };
		CE0BF66227560BA1006FF46D /* MovieCategory.swift in Sources */ = {isa = PBXBuildFile; fileRef = CE0BF66127560BA1006FF46D /* MovieCategory.swift */; };
		CE0BF66827560BB6006FF46D /* MovieResult.swift in Sources */ = {isa = PBXBuildFile; fileRef = CE0BF66727560BB6006FF46D /* MovieResult.swift */; };
		CE0BF66C27560BD5006FF46D /* MovieCategoryType.swift in Sources */ = {isa = PBXBuildFile; fileRef = CE0BF66B27560BD5006FF46D /* MovieCategoryType.swift */; };
		CE0BF67027560BEC006FF46D /* MovieResponse.swift in Sources */ = {isa = PBXBuildFile; fileRef = CE0BF66F27560BEC006FF46D /* MovieResponse.swift */; };
		CE5FE96E2755D0E8009B76CF /* MovieVideoView.swift in Sources */ = {isa = PBXBuildFile; fileRef = CE5FE96D2755D0E8009B76CF /* MovieVideoView.swift */; };
		CE5FE9782755E361009B76CF /* MovieCellView.swift in Sources */ = {isa = PBXBuildFile; fileRef = CE5FE9772755E361009B76CF /* MovieCellView.swift */; };
		CE91D90927500B0D003EA71C /* URLBuilder.swift in Sources */ = {isa = PBXBuildFile; fileRef = CE91D90827500B0D003EA71C /* URLBuilder.swift */; };
		CE91D90F275010C6003EA71C /* NetworkManager.swift in Sources */ = {isa = PBXBuildFile; fileRef = CE91D90E275010C6003EA71C /* NetworkManager.swift */; };
		CEA5046F274EBDA3005BE8D3 /* TMDbApp.swift in Sources */ = {isa = PBXBuildFile; fileRef = CEA5046E274EBDA3005BE8D3 /* TMDbApp.swift */; };
		CEA50471274EBDA3005BE8D3 /* MoviesView.swift in Sources */ = {isa = PBXBuildFile; fileRef = CEA50470274EBDA3005BE8D3 /* MoviesView.swift */; };
		CEA50473274EBDA4005BE8D3 /* Assets.xcassets in Resources */ = {isa = PBXBuildFile; fileRef = CEA50472274EBDA4005BE8D3 /* Assets.xcassets */; };
		CEA50476274EBDA4005BE8D3 /* Preview Assets.xcassets in Resources */ = {isa = PBXBuildFile; fileRef = CEA50475274EBDA4005BE8D3 /* Preview Assets.xcassets */; };
		CEA50481274EBDA4005BE8D3 /* TMDbTests.swift in Sources */ = {isa = PBXBuildFile; fileRef = CEA50480274EBDA4005BE8D3 /* TMDbTests.swift */; };
		CEA5048C274EBDA4005BE8D3 /* TMDbUITests.swift in Sources */ = {isa = PBXBuildFile; fileRef = CEA5048B274EBDA4005BE8D3 /* TMDbUITests.swift */; };
		CEA50508274EE90C005BE8D3 /* ReduxCore in Frameworks */ = {isa = PBXBuildFile; productRef = CEA50507274EE90C005BE8D3 /* ReduxCore */; };
		CEA50509274EE90C005BE8D3 /* ReduxCore in Embed Frameworks */ = {isa = PBXBuildFile; productRef = CEA50507274EE90C005BE8D3 /* ReduxCore */; settings = {ATTRIBUTES = (CodeSignOnCopy, ); }; };
		CEA50513274EE99A005BE8D3 /* MoviesAction.swift in Sources */ = {isa = PBXBuildFile; fileRef = CEA50512274EE99A005BE8D3 /* MoviesAction.swift */; };
		CEA50519274EE9BF005BE8D3 /* MoviesState.swift in Sources */ = {isa = PBXBuildFile; fileRef = CEA50518274EE9BF005BE8D3 /* MoviesState.swift */; };
		CEA50520274EE9F8005BE8D3 /* MoviesReducer.swift in Sources */ = {isa = PBXBuildFile; fileRef = CEA5051F274EE9F8005BE8D3 /* MoviesReducer.swift */; };
		CEA50526274EEA35005BE8D3 /* MoviesMiddleware.swift in Sources */ = {isa = PBXBuildFile; fileRef = CEA50525274EEA35005BE8D3 /* MoviesMiddleware.swift */; };
		CEA5054F274EF6F4005BE8D3 /* PrograManiacsSwiftUI in Frameworks */ = {isa = PBXBuildFile; productRef = CEA5054E274EF6F4005BE8D3 /* PrograManiacsSwiftUI */; };
		CEA50550274EF6F4005BE8D3 /* PrograManiacsSwiftUI in Embed Frameworks */ = {isa = PBXBuildFile; productRef = CEA5054E274EF6F4005BE8D3 /* PrograManiacsSwiftUI */; settings = {ATTRIBUTES = (CodeSignOnCopy, ); }; };
		CEA85F402756B39700C26693 /* JsonDecodeManagerTest.swift in Sources */ = {isa = PBXBuildFile; fileRef = CEA85F3F2756B39700C26693 /* JsonDecodeManagerTest.swift */; };
		CEA85F442756B41700C26693 /* XCTestCase+JSON.swift in Sources */ = {isa = PBXBuildFile; fileRef = CEA85F432756B41700C26693 /* XCTestCase+JSON.swift */; };
		CEA85F482756B49900C26693 /* movies.json in Resources */ = {isa = PBXBuildFile; fileRef = CEA85F472756B49900C26693 /* movies.json */; };
		CEA85F552756B99800C26693 /* movie.json in Resources */ = {isa = PBXBuildFile; fileRef = CEA85F4B2756B4BA00C26693 /* movie.json */; };
		CEA85F5D2756BE8A00C26693 /* MoviesMiddlewareTest.swift in Sources */ = {isa = PBXBuildFile; fileRef = CEA85F5C2756BE8A00C26693 /* MoviesMiddlewareTest.swift */; };
		CEA85F612756C71D00C26693 /* MoviesMiddlewareStub.swift in Sources */ = {isa = PBXBuildFile; fileRef = CEA85F602756C71D00C26693 /* MoviesMiddlewareStub.swift */; };
		CEA85F652756C7A400C26693 /* URLSessionNetworkManagerStub.swift in Sources */ = {isa = PBXBuildFile; fileRef = CEA85F642756C7A400C26693 /* URLSessionNetworkManagerStub.swift */; };
		CEC89A33274F47DE006291F7 /* JsonDecodeManager.swift in Sources */ = {isa = PBXBuildFile; fileRef = CEC89A32274F47DE006291F7 /* JsonDecodeManager.swift */; };
		CEC89A39274F47F9006291F7 /* SQLiteStoreManager.swift in Sources */ = {isa = PBXBuildFile; fileRef = CEC89A38274F47F9006291F7 /* SQLiteStoreManager.swift */; };
		CEC89A3E274F4F0F006291F7 /* SQLite in Frameworks */ = {isa = PBXBuildFile; productRef = CEC89A3D274F4F0F006291F7 /* SQLite */; };
		CECC7141274F150F00AE8FEA /* TMDbConstants.swift in Sources */ = {isa = PBXBuildFile; fileRef = CECC7140274F150F00AE8FEA /* TMDbConstants.swift */; };
		CECC7147274F35AD00AE8FEA /* MovieCardView.swift in Sources */ = {isa = PBXBuildFile; fileRef = CECC7146274F35AD00AE8FEA /* MovieCardView.swift */; };
		CECC714B274F379500AE8FEA /* MovieDetailView.swift in Sources */ = {isa = PBXBuildFile; fileRef = CECC714A274F379500AE8FEA /* MovieDetailView.swift */; };
		CEFECACE2756ED2100E9BD8D /* MoviesViewUITest.swift in Sources */ = {isa = PBXBuildFile; fileRef = CEFECACD2756ED2100E9BD8D /* MoviesViewUITest.swift */; };
/* End PBXBuildFile section */

/* Begin PBXContainerItemProxy section */
		CEA5047D274EBDA4005BE8D3 /* PBXContainerItemProxy */ = {
			isa = PBXContainerItemProxy;
			containerPortal = CEA50463274EBDA3005BE8D3 /* Project object */;
			proxyType = 1;
			remoteGlobalIDString = CEA5046A274EBDA3005BE8D3;
			remoteInfo = TMDb;
		};
		CEA50488274EBDA4005BE8D3 /* PBXContainerItemProxy */ = {
			isa = PBXContainerItemProxy;
			containerPortal = CEA50463274EBDA3005BE8D3 /* Project object */;
			proxyType = 1;
			remoteGlobalIDString = CEA5046A274EBDA3005BE8D3;
			remoteInfo = TMDb;
		};
/* End PBXContainerItemProxy section */

/* Begin PBXCopyFilesBuildPhase section */
		CEA5050A274EE90D005BE8D3 /* Embed Frameworks */ = {
			isa = PBXCopyFilesBuildPhase;
			buildActionMask = 2147483647;
			dstPath = "";
			dstSubfolderSpec = 10;
			files = (
				CEA50550274EF6F4005BE8D3 /* PrograManiacsSwiftUI in Embed Frameworks */,
				CEA50509274EE90C005BE8D3 /* ReduxCore in Embed Frameworks */,
			);
			name = "Embed Frameworks";
			runOnlyForDeploymentPostprocessing = 0;
		};
/* End PBXCopyFilesBuildPhase section */

/* Begin PBXFileReference section */
		CE0137E427562B3100316778 /* VideoMovieResponse.swift */ = {isa = PBXFileReference; lastKnownFileType = sourcecode.swift; path = VideoMovieResponse.swift; sourceTree = "<group>"; };
		CE0BF66127560BA1006FF46D /* MovieCategory.swift */ = {isa = PBXFileReference; lastKnownFileType = sourcecode.swift; path = MovieCategory.swift; sourceTree = "<group>"; };
		CE0BF66727560BB6006FF46D /* MovieResult.swift */ = {isa = PBXFileReference; lastKnownFileType = sourcecode.swift; path = MovieResult.swift; sourceTree = "<group>"; };
		CE0BF66B27560BD5006FF46D /* MovieCategoryType.swift */ = {isa = PBXFileReference; lastKnownFileType = sourcecode.swift; path = MovieCategoryType.swift; sourceTree = "<group>"; };
		CE0BF66F27560BEC006FF46D /* MovieResponse.swift */ = {isa = PBXFileReference; lastKnownFileType = sourcecode.swift; path = MovieResponse.swift; sourceTree = "<group>"; };
		CE5FE96D2755D0E8009B76CF /* MovieVideoView.swift */ = {isa = PBXFileReference; lastKnownFileType = sourcecode.swift; path = MovieVideoView.swift; sourceTree = "<group>"; };
		CE5FE9772755E361009B76CF /* MovieCellView.swift */ = {isa = PBXFileReference; lastKnownFileType = sourcecode.swift; path = MovieCellView.swift; sourceTree = "<group>"; };
		CE91D90827500B0D003EA71C /* URLBuilder.swift */ = {isa = PBXFileReference; lastKnownFileType = sourcecode.swift; path = URLBuilder.swift; sourceTree = "<group>"; };
		CE91D90E275010C6003EA71C /* NetworkManager.swift */ = {isa = PBXFileReference; lastKnownFileType = sourcecode.swift; path = NetworkManager.swift; sourceTree = "<group>"; };
		CE91D920275021BB003EA71C /* Database.db */ = {isa = PBXFileReference; lastKnownFileType = text; path = Database.db; sourceTree = "<group>"; };
		CEA5046B274EBDA3005BE8D3 /* TMDb.app */ = {isa = PBXFileReference; explicitFileType = wrapper.application; includeInIndex = 0; path = TMDb.app; sourceTree = BUILT_PRODUCTS_DIR; };
		CEA5046E274EBDA3005BE8D3 /* TMDbApp.swift */ = {isa = PBXFileReference; lastKnownFileType = sourcecode.swift; path = TMDbApp.swift; sourceTree = "<group>"; };
		CEA50470274EBDA3005BE8D3 /* MoviesView.swift */ = {isa = PBXFileReference; lastKnownFileType = sourcecode.swift; path = MoviesView.swift; sourceTree = "<group>"; };
		CEA50472274EBDA4005BE8D3 /* Assets.xcassets */ = {isa = PBXFileReference; lastKnownFileType = folder.assetcatalog; path = Assets.xcassets; sourceTree = "<group>"; };
		CEA50475274EBDA4005BE8D3 /* Preview Assets.xcassets */ = {isa = PBXFileReference; lastKnownFileType = folder.assetcatalog; path = "Preview Assets.xcassets"; sourceTree = "<group>"; };
		CEA50477274EBDA4005BE8D3 /* Info.plist */ = {isa = PBXFileReference; lastKnownFileType = text.plist.xml; path = Info.plist; sourceTree = "<group>"; };
		CEA5047C274EBDA4005BE8D3 /* TMDbTests.xctest */ = {isa = PBXFileReference; explicitFileType = wrapper.cfbundle; includeInIndex = 0; path = TMDbTests.xctest; sourceTree = BUILT_PRODUCTS_DIR; };
		CEA50480274EBDA4005BE8D3 /* TMDbTests.swift */ = {isa = PBXFileReference; lastKnownFileType = sourcecode.swift; path = TMDbTests.swift; sourceTree = "<group>"; };
		CEA50482274EBDA4005BE8D3 /* Info.plist */ = {isa = PBXFileReference; lastKnownFileType = text.plist.xml; path = Info.plist; sourceTree = "<group>"; };
		CEA50487274EBDA4005BE8D3 /* TMDbUITests.xctest */ = {isa = PBXFileReference; explicitFileType = wrapper.cfbundle; includeInIndex = 0; path = TMDbUITests.xctest; sourceTree = BUILT_PRODUCTS_DIR; };
		CEA5048B274EBDA4005BE8D3 /* TMDbUITests.swift */ = {isa = PBXFileReference; lastKnownFileType = sourcecode.swift; path = TMDbUITests.swift; sourceTree = "<group>"; };
		CEA5048D274EBDA4005BE8D3 /* Info.plist */ = {isa = PBXFileReference; lastKnownFileType = text.plist.xml; path = Info.plist; sourceTree = "<group>"; };
		CEA50512274EE99A005BE8D3 /* MoviesAction.swift */ = {isa = PBXFileReference; lastKnownFileType = sourcecode.swift; path = MoviesAction.swift; sourceTree = "<group>"; };
		CEA50518274EE9BF005BE8D3 /* MoviesState.swift */ = {isa = PBXFileReference; lastKnownFileType = sourcecode.swift; path = MoviesState.swift; sourceTree = "<group>"; };
		CEA5051F274EE9F8005BE8D3 /* MoviesReducer.swift */ = {isa = PBXFileReference; lastKnownFileType = sourcecode.swift; path = MoviesReducer.swift; sourceTree = "<group>"; };
		CEA50525274EEA35005BE8D3 /* MoviesMiddleware.swift */ = {isa = PBXFileReference; lastKnownFileType = sourcecode.swift; path = MoviesMiddleware.swift; sourceTree = "<group>"; };
		CEA85F3F2756B39700C26693 /* JsonDecodeManagerTest.swift */ = {isa = PBXFileReference; lastKnownFileType = sourcecode.swift; path = JsonDecodeManagerTest.swift; sourceTree = "<group>"; };
		CEA85F432756B41700C26693 /* XCTestCase+JSON.swift */ = {isa = PBXFileReference; lastKnownFileType = sourcecode.swift; path = "XCTestCase+JSON.swift"; sourceTree = "<group>"; };
		CEA85F472756B49900C26693 /* movies.json */ = {isa = PBXFileReference; lastKnownFileType = text.json; path = movies.json; sourceTree = "<group>"; };
		CEA85F4B2756B4BA00C26693 /* movie.json */ = {isa = PBXFileReference; lastKnownFileType = text.json; path = movie.json; sourceTree = "<group>"; };
		CEA85F5C2756BE8A00C26693 /* MoviesMiddlewareTest.swift */ = {isa = PBXFileReference; lastKnownFileType = sourcecode.swift; path = MoviesMiddlewareTest.swift; sourceTree = "<group>"; };
		CEA85F602756C71D00C26693 /* MoviesMiddlewareStub.swift */ = {isa = PBXFileReference; lastKnownFileType = sourcecode.swift; path = MoviesMiddlewareStub.swift; sourceTree = "<group>"; };
		CEA85F642756C7A400C26693 /* URLSessionNetworkManagerStub.swift */ = {isa = PBXFileReference; lastKnownFileType = sourcecode.swift; path = URLSessionNetworkManagerStub.swift; sourceTree = "<group>"; };
		CEC89A32274F47DE006291F7 /* JsonDecodeManager.swift */ = {isa = PBXFileReference; lastKnownFileType = sourcecode.swift; path = JsonDecodeManager.swift; sourceTree = "<group>"; };
		CEC89A38274F47F9006291F7 /* SQLiteStoreManager.swift */ = {isa = PBXFileReference; lastKnownFileType = sourcecode.swift; path = SQLiteStoreManager.swift; sourceTree = "<group>"; };
		CECC7140274F150F00AE8FEA /* TMDbConstants.swift */ = {isa = PBXFileReference; lastKnownFileType = sourcecode.swift; path = TMDbConstants.swift; sourceTree = "<group>"; };
		CECC7146274F35AD00AE8FEA /* MovieCardView.swift */ = {isa = PBXFileReference; lastKnownFileType = sourcecode.swift; path = MovieCardView.swift; sourceTree = "<group>"; };
		CECC714A274F379500AE8FEA /* MovieDetailView.swift */ = {isa = PBXFileReference; lastKnownFileType = sourcecode.swift; path = MovieDetailView.swift; sourceTree = "<group>"; };
		CEFECACD2756ED2100E9BD8D /* MoviesViewUITest.swift */ = {isa = PBXFileReference; lastKnownFileType = sourcecode.swift; path = MoviesViewUITest.swift; sourceTree = "<group>"; };
/* End PBXFileReference section */

/* Begin PBXFrameworksBuildPhase section */
		CEA50468274EBDA3005BE8D3 /* Frameworks */ = {
			isa = PBXFrameworksBuildPhase;
			buildActionMask = 2147483647;
			files = (
				CEC89A3E274F4F0F006291F7 /* SQLite in Frameworks */,
				CEA5054F274EF6F4005BE8D3 /* PrograManiacsSwiftUI in Frameworks */,
				CEA50508274EE90C005BE8D3 /* ReduxCore in Frameworks */,
			);
			runOnlyForDeploymentPostprocessing = 0;
		};
		CEA50479274EBDA4005BE8D3 /* Frameworks */ = {
			isa = PBXFrameworksBuildPhase;
			buildActionMask = 2147483647;
			files = (
			);
			runOnlyForDeploymentPostprocessing = 0;
		};
		CEA50484274EBDA4005BE8D3 /* Frameworks */ = {
			isa = PBXFrameworksBuildPhase;
			buildActionMask = 2147483647;
			files = (
			);
			runOnlyForDeploymentPostprocessing = 0;
		};
/* End PBXFrameworksBuildPhase section */

/* Begin PBXGroup section */
		CE0BF66027560B94006FF46D /* Model */ = {
			isa = PBXGroup;
			children = (
				CE0BF66127560BA1006FF46D /* MovieCategory.swift */,
				CE0BF66727560BB6006FF46D /* MovieResult.swift */,
				CE0BF66B27560BD5006FF46D /* MovieCategoryType.swift */,
				CE0BF66F27560BEC006FF46D /* MovieResponse.swift */,
				CE0137E427562B3100316778 /* VideoMovieResponse.swift */,
			);
			path = Model;
			sourceTree = "<group>";
		};
		CEA50462274EBDA3005BE8D3 = {
			isa = PBXGroup;
			children = (
				CEA5046D274EBDA3005BE8D3 /* TMDb */,
				CEA5047F274EBDA4005BE8D3 /* TMDbTests */,
				CEA5048A274EBDA4005BE8D3 /* TMDbUITests */,
				CEA5046C274EBDA3005BE8D3 /* Products */,
			);
			sourceTree = "<group>";
		};
		CEA5046C274EBDA3005BE8D3 /* Products */ = {
			isa = PBXGroup;
			children = (
				CEA5046B274EBDA3005BE8D3 /* TMDb.app */,
				CEA5047C274EBDA4005BE8D3 /* TMDbTests.xctest */,
				CEA50487274EBDA4005BE8D3 /* TMDbUITests.xctest */,
			);
			name = Products;
			sourceTree = "<group>";
		};
		CEA5046D274EBDA3005BE8D3 /* TMDb */ = {
			isa = PBXGroup;
			children = (
				CE91D920275021BB003EA71C /* Database.db */,
				CEA5046E274EBDA3005BE8D3 /* TMDbApp.swift */,
				CEC89A31274F47D5006291F7 /* Util */,
				CEA5049F274EE15E005BE8D3 /* Movies */,
				CEA50472274EBDA4005BE8D3 /* Assets.xcassets */,
				CEA50477274EBDA4005BE8D3 /* Info.plist */,
				CEA50474274EBDA4005BE8D3 /* Preview Content */,
			);
			path = TMDb;
			sourceTree = "<group>";
		};
		CEA50474274EBDA4005BE8D3 /* Preview Content */ = {
			isa = PBXGroup;
			children = (
				CEA50475274EBDA4005BE8D3 /* Preview Assets.xcassets */,
			);
			path = "Preview Content";
			sourceTree = "<group>";
		};
		CEA5047F274EBDA4005BE8D3 /* TMDbTests */ = {
			isa = PBXGroup;
			children = (
				CEA50480274EBDA4005BE8D3 /* TMDbTests.swift */,
				CEA50482274EBDA4005BE8D3 /* Info.plist */,
				CEA85F3F2756B39700C26693 /* JsonDecodeManagerTest.swift */,
				CEA85F5C2756BE8A00C26693 /* MoviesMiddlewareTest.swift */,
				CEA85F432756B41700C26693 /* XCTestCase+JSON.swift */,
				CEA85F4B2756B4BA00C26693 /* movie.json */,
				CEA85F472756B49900C26693 /* movies.json */,
			);
			path = TMDbTests;
			sourceTree = "<group>";
		};
		CEA5048A274EBDA4005BE8D3 /* TMDbUITests */ = {
			isa = PBXGroup;
			children = (
				CEA5048B274EBDA4005BE8D3 /* TMDbUITests.swift */,
				CEFECACD2756ED2100E9BD8D /* MoviesViewUITest.swift */,
				CEA5048D274EBDA4005BE8D3 /* Info.plist */,
			);
			path = TMDbUITests;
			sourceTree = "<group>";
		};
		CEA5049F274EE15E005BE8D3 /* Movies */ = {
			isa = PBXGroup;
			children = (
				CEA5051E274EE9E8005BE8D3 /* Reducer */,
				CEA50511274EE984005BE8D3 /* Action */,
				CEA50510274EE980005BE8D3 /* State */,
				CEA5050D274EE976005BE8D3 /* View */,
			);
			path = Movies;
			sourceTree = "<group>";
		};
		CEA5050D274EE976005BE8D3 /* View */ = {
			isa = PBXGroup;
			children = (
				CEA50470274EBDA3005BE8D3 /* MoviesView.swift */,
				CECC7146274F35AD00AE8FEA /* MovieCardView.swift */,
				CECC714A274F379500AE8FEA /* MovieDetailView.swift */,
				CE5FE96D2755D0E8009B76CF /* MovieVideoView.swift */,
				CE5FE9772755E361009B76CF /* MovieCellView.swift */,
			);
			path = View;
			sourceTree = "<group>";
		};
		CEA50510274EE980005BE8D3 /* State */ = {
			isa = PBXGroup;
			children = (
				CE0BF66027560B94006FF46D /* Model */,
				CEA50518274EE9BF005BE8D3 /* MoviesState.swift */,
			);
			path = State;
			sourceTree = "<group>";
		};
		CEA50511274EE984005BE8D3 /* Action */ = {
			isa = PBXGroup;
			children = (
				CEA50512274EE99A005BE8D3 /* MoviesAction.swift */,
				CEA50525274EEA35005BE8D3 /* MoviesMiddleware.swift */,
				CEA85F602756C71D00C26693 /* MoviesMiddlewareStub.swift */,
			);
			path = Action;
			sourceTree = "<group>";
		};
		CEA5051E274EE9E8005BE8D3 /* Reducer */ = {
			isa = PBXGroup;
			children = (
				CEA5051F274EE9F8005BE8D3 /* MoviesReducer.swift */,
			);
			path = Reducer;
			sourceTree = "<group>";
		};
		CEC89A31274F47D5006291F7 /* Util */ = {
			isa = PBXGroup;
			children = (
				CECC7140274F150F00AE8FEA /* TMDbConstants.swift */,
				CEC89A32274F47DE006291F7 /* JsonDecodeManager.swift */,
				CEC89A38274F47F9006291F7 /* SQLiteStoreManager.swift */,
				CE91D90827500B0D003EA71C /* URLBuilder.swift */,
				CE91D90E275010C6003EA71C /* NetworkManager.swift */,
				CEA85F642756C7A400C26693 /* URLSessionNetworkManagerStub.swift */,
			);
			path = Util;
			sourceTree = "<group>";
		};
/* End PBXGroup section */

/* Begin PBXNativeTarget section */
		CEA5046A274EBDA3005BE8D3 /* TMDb */ = {
			isa = PBXNativeTarget;
			buildConfigurationList = CEA50490274EBDA4005BE8D3 /* Build configuration list for PBXNativeTarget "TMDb" */;
			buildPhases = (
				CEA50467274EBDA3005BE8D3 /* Sources */,
				CEA50468274EBDA3005BE8D3 /* Frameworks */,
				CEA50469274EBDA3005BE8D3 /* Resources */,
				CEA5050A274EE90D005BE8D3 /* Embed Frameworks */,
			);
			buildRules = (
			);
			dependencies = (
			);
			name = TMDb;
			packageProductDependencies = (
				CEA50507274EE90C005BE8D3 /* ReduxCore */,
				CEA5054E274EF6F4005BE8D3 /* PrograManiacsSwiftUI */,
				CEC89A3D274F4F0F006291F7 /* SQLite */,
			);
			productName = TMDb;
			productReference = CEA5046B274EBDA3005BE8D3 /* TMDb.app */;
			productType = "com.apple.product-type.application";
		};
		CEA5047B274EBDA4005BE8D3 /* TMDbTests */ = {
			isa = PBXNativeTarget;
			buildConfigurationList = CEA50493274EBDA4005BE8D3 /* Build configuration list for PBXNativeTarget "TMDbTests" */;
			buildPhases = (
				CEA50478274EBDA4005BE8D3 /* Sources */,
				CEA50479274EBDA4005BE8D3 /* Frameworks */,
				CEA5047A274EBDA4005BE8D3 /* Resources */,
			);
			buildRules = (
			);
			dependencies = (
				CEA5047E274EBDA4005BE8D3 /* PBXTargetDependency */,
			);
			name = TMDbTests;
			productName = TMDbTests;
			productReference = CEA5047C274EBDA4005BE8D3 /* TMDbTests.xctest */;
			productType = "com.apple.product-type.bundle.unit-test";
		};
		CEA50486274EBDA4005BE8D3 /* TMDbUITests */ = {
			isa = PBXNativeTarget;
			buildConfigurationList = CEA50496274EBDA4005BE8D3 /* Build configuration list for PBXNativeTarget "TMDbUITests" */;
			buildPhases = (
				CEA50483274EBDA4005BE8D3 /* Sources */,
				CEA50484274EBDA4005BE8D3 /* Frameworks */,
				CEA50485274EBDA4005BE8D3 /* Resources */,
			);
			buildRules = (
			);
			dependencies = (
				CEA50489274EBDA4005BE8D3 /* PBXTargetDependency */,
			);
			name = TMDbUITests;
			productName = TMDbUITests;
			productReference = CEA50487274EBDA4005BE8D3 /* TMDbUITests.xctest */;
			productType = "com.apple.product-type.bundle.ui-testing";
		};
/* End PBXNativeTarget section */

/* Begin PBXProject section */
		CEA50463274EBDA3005BE8D3 /* Project object */ = {
			isa = PBXProject;
			attributes = {
				LastSwiftUpdateCheck = 1240;
				LastUpgradeCheck = 1240;
				TargetAttributes = {
					CEA5046A274EBDA3005BE8D3 = {
						CreatedOnToolsVersion = 12.4;
					};
					CEA5047B274EBDA4005BE8D3 = {
						CreatedOnToolsVersion = 12.4;
						TestTargetID = CEA5046A274EBDA3005BE8D3;
					};
					CEA50486274EBDA4005BE8D3 = {
						CreatedOnToolsVersion = 12.4;
						TestTargetID = CEA5046A274EBDA3005BE8D3;
					};
				};
			};
			buildConfigurationList = CEA50466274EBDA3005BE8D3 /* Build configuration list for PBXProject "TMDb" */;
			compatibilityVersion = "Xcode 9.3";
			developmentRegion = en;
			hasScannedForEncodings = 0;
			knownRegions = (
				en,
				Base,
			);
			mainGroup = CEA50462274EBDA3005BE8D3;
			packageReferences = (
				CEA50506274EE90C005BE8D3 /* XCRemoteSwiftPackageReference "ReduxCore" */,
				CEA5054D274EF6F4005BE8D3 /* XCRemoteSwiftPackageReference "PrograManiacsSwiftUI" */,
				CEC89A3C274F4F0F006291F7 /* XCRemoteSwiftPackageReference "SQLite.swift" */,
			);
			productRefGroup = CEA5046C274EBDA3005BE8D3 /* Products */;
			projectDirPath = "";
			projectRoot = "";
			targets = (
				CEA5046A274EBDA3005BE8D3 /* TMDb */,
				CEA5047B274EBDA4005BE8D3 /* TMDbTests */,
				CEA50486274EBDA4005BE8D3 /* TMDbUITests */,
			);
		};
/* End PBXProject section */

/* Begin PBXResourcesBuildPhase section */
		CEA50469274EBDA3005BE8D3 /* Resources */ = {
			isa = PBXResourcesBuildPhase;
			buildActionMask = 2147483647;
			files = (
				CEA50476274EBDA4005BE8D3 /* Preview Assets.xcassets in Resources */,
				CEA50473274EBDA4005BE8D3 /* Assets.xcassets in Resources */,
			);
			runOnlyForDeploymentPostprocessing = 0;
		};
		CEA5047A274EBDA4005BE8D3 /* Resources */ = {
			isa = PBXResourcesBuildPhase;
			buildActionMask = 2147483647;
			files = (
				CEA85F552756B99800C26693 /* movie.json in Resources */,
				CEA85F482756B49900C26693 /* movies.json in Resources */,
			);
			runOnlyForDeploymentPostprocessing = 0;
		};
		CEA50485274EBDA4005BE8D3 /* Resources */ = {
			isa = PBXResourcesBuildPhase;
			buildActionMask = 2147483647;
			files = (
			);
			runOnlyForDeploymentPostprocessing = 0;
		};
/* End PBXResourcesBuildPhase section */

/* Begin PBXSourcesBuildPhase section */
		CEA50467274EBDA3005BE8D3 /* Sources */ = {
			isa = PBXSourcesBuildPhase;
			buildActionMask = 2147483647;
			files = (
				CE0BF66C27560BD5006FF46D /* MovieCategoryType.swift in Sources */,
				CEA85F652756C7A400C26693 /* URLSessionNetworkManagerStub.swift in Sources */,
				CE0137E527562B3100316778 /* VideoMovieResponse.swift in Sources */,
				CEA50519274EE9BF005BE8D3 /* MoviesState.swift in Sources */,
				CE91D90927500B0D003EA71C /* URLBuilder.swift in Sources */,
				CEA50513274EE99A005BE8D3 /* MoviesAction.swift in Sources */,
				CEA85F612756C71D00C26693 /* MoviesMiddlewareStub.swift in Sources */,
				CE0BF67027560BEC006FF46D /* MovieResponse.swift in Sources */,
				CE91D90F275010C6003EA71C /* NetworkManager.swift in Sources */,
				CEA50526274EEA35005BE8D3 /* MoviesMiddleware.swift in Sources */,
				CECC714B274F379500AE8FEA /* MovieDetailView.swift in Sources */,
				CECC7147274F35AD00AE8FEA /* MovieCardView.swift in Sources */,
				CEA50471274EBDA3005BE8D3 /* MoviesView.swift in Sources */,
				CEC89A33274F47DE006291F7 /* JsonDecodeManager.swift in Sources */,
				CE5FE9782755E361009B76CF /* MovieCellView.swift in Sources */,
				CE5FE96E2755D0E8009B76CF /* MovieVideoView.swift in Sources */,
				CEA5046F274EBDA3005BE8D3 /* TMDbApp.swift in Sources */,
				CE0BF66827560BB6006FF46D /* MovieResult.swift in Sources */,
				CE0BF66227560BA1006FF46D /* MovieCategory.swift in Sources */,
				CEC89A39274F47F9006291F7 /* SQLiteStoreManager.swift in Sources */,
				CEA50520274EE9F8005BE8D3 /* MoviesReducer.swift in Sources */,
				CECC7141274F150F00AE8FEA /* TMDbConstants.swift in Sources */,
			);
			runOnlyForDeploymentPostprocessing = 0;
		};
		CEA50478274EBDA4005BE8D3 /* Sources */ = {
			isa = PBXSourcesBuildPhase;
			buildActionMask = 2147483647;
			files = (
				CEA85F5D2756BE8A00C26693 /* MoviesMiddlewareTest.swift in Sources */,
				CEA85F442756B41700C26693 /* XCTestCase+JSON.swift in Sources */,
				CEA50481274EBDA4005BE8D3 /* TMDbTests.swift in Sources */,
				CEA85F402756B39700C26693 /* JsonDecodeManagerTest.swift in Sources */,
			);
			runOnlyForDeploymentPostprocessing = 0;
		};
		CEA50483274EBDA4005BE8D3 /* Sources */ = {
			isa = PBXSourcesBuildPhase;
			buildActionMask = 2147483647;
			files = (
				CEA5048C274EBDA4005BE8D3 /* TMDbUITests.swift in Sources */,
				CEFECACE2756ED2100E9BD8D /* MoviesViewUITest.swift in Sources */,
			);
			runOnlyForDeploymentPostprocessing = 0;
		};
/* End PBXSourcesBuildPhase section */

/* Begin PBXTargetDependency section */
		CEA5047E274EBDA4005BE8D3 /* PBXTargetDependency */ = {
			isa = PBXTargetDependency;
			target = CEA5046A274EBDA3005BE8D3 /* TMDb */;
			targetProxy = CEA5047D274EBDA4005BE8D3 /* PBXContainerItemProxy */;
		};
		CEA50489274EBDA4005BE8D3 /* PBXTargetDependency */ = {
			isa = PBXTargetDependency;
			target = CEA5046A274EBDA3005BE8D3 /* TMDb */;
			targetProxy = CEA50488274EBDA4005BE8D3 /* PBXContainerItemProxy */;
		};
/* End PBXTargetDependency section */

/* Begin XCBuildConfiguration section */
		CEA5048E274EBDA4005BE8D3 /* Debug */ = {
			isa = XCBuildConfiguration;
			buildSettings = {
				ALWAYS_SEARCH_USER_PATHS = NO;
				CLANG_ANALYZER_NONNULL = YES;
				CLANG_ANALYZER_NUMBER_OBJECT_CONVERSION = YES_AGGRESSIVE;
				CLANG_CXX_LANGUAGE_STANDARD = "gnu++14";
				CLANG_CXX_LIBRARY = "libc++";
				CLANG_ENABLE_MODULES = YES;
				CLANG_ENABLE_OBJC_ARC = YES;
				CLANG_ENABLE_OBJC_WEAK = YES;
				CLANG_WARN_BLOCK_CAPTURE_AUTORELEASING = YES;
				CLANG_WARN_BOOL_CONVERSION = YES;
				CLANG_WARN_COMMA = YES;
				CLANG_WARN_CONSTANT_CONVERSION = YES;
				CLANG_WARN_DEPRECATED_OBJC_IMPLEMENTATIONS = YES;
				CLANG_WARN_DIRECT_OBJC_ISA_USAGE = YES_ERROR;
				CLANG_WARN_DOCUMENTATION_COMMENTS = YES;
				CLANG_WARN_EMPTY_BODY = YES;
				CLANG_WARN_ENUM_CONVERSION = YES;
				CLANG_WARN_INFINITE_RECURSION = YES;
				CLANG_WARN_INT_CONVERSION = YES;
				CLANG_WARN_NON_LITERAL_NULL_CONVERSION = YES;
				CLANG_WARN_OBJC_IMPLICIT_RETAIN_SELF = YES;
				CLANG_WARN_OBJC_LITERAL_CONVERSION = YES;
				CLANG_WARN_OBJC_ROOT_CLASS = YES_ERROR;
				CLANG_WARN_QUOTED_INCLUDE_IN_FRAMEWORK_HEADER = YES;
				CLANG_WARN_RANGE_LOOP_ANALYSIS = YES;
				CLANG_WARN_STRICT_PROTOTYPES = YES;
				CLANG_WARN_SUSPICIOUS_MOVE = YES;
				CLANG_WARN_UNGUARDED_AVAILABILITY = YES_AGGRESSIVE;
				CLANG_WARN_UNREACHABLE_CODE = YES;
				CLANG_WARN__DUPLICATE_METHOD_MATCH = YES;
				COPY_PHASE_STRIP = NO;
				DEBUG_INFORMATION_FORMAT = dwarf;
				ENABLE_STRICT_OBJC_MSGSEND = YES;
				ENABLE_TESTABILITY = YES;
				GCC_C_LANGUAGE_STANDARD = gnu11;
				GCC_DYNAMIC_NO_PIC = NO;
				GCC_NO_COMMON_BLOCKS = YES;
				GCC_OPTIMIZATION_LEVEL = 0;
				GCC_PREPROCESSOR_DEFINITIONS = (
					"DEBUG=1",
					"$(inherited)",
				);
				GCC_WARN_64_TO_32_BIT_CONVERSION = YES;
				GCC_WARN_ABOUT_RETURN_TYPE = YES_ERROR;
				GCC_WARN_UNDECLARED_SELECTOR = YES;
				GCC_WARN_UNINITIALIZED_AUTOS = YES_AGGRESSIVE;
				GCC_WARN_UNUSED_FUNCTION = YES;
				GCC_WARN_UNUSED_VARIABLE = YES;
				IPHONEOS_DEPLOYMENT_TARGET = 14.4;
				MTL_ENABLE_DEBUG_INFO = INCLUDE_SOURCE;
				MTL_FAST_MATH = YES;
				ONLY_ACTIVE_ARCH = YES;
				SDKROOT = iphoneos;
				SWIFT_ACTIVE_COMPILATION_CONDITIONS = DEBUG;
				SWIFT_OPTIMIZATION_LEVEL = "-Onone";
			};
			name = Debug;
		};
		CEA5048F274EBDA4005BE8D3 /* Release */ = {
			isa = XCBuildConfiguration;
			buildSettings = {
				ALWAYS_SEARCH_USER_PATHS = NO;
				CLANG_ANALYZER_NONNULL = YES;
				CLANG_ANALYZER_NUMBER_OBJECT_CONVERSION = YES_AGGRESSIVE;
				CLANG_CXX_LANGUAGE_STANDARD = "gnu++14";
				CLANG_CXX_LIBRARY = "libc++";
				CLANG_ENABLE_MODULES = YES;
				CLANG_ENABLE_OBJC_ARC = YES;
				CLANG_ENABLE_OBJC_WEAK = YES;
				CLANG_WARN_BLOCK_CAPTURE_AUTORELEASING = YES;
				CLANG_WARN_BOOL_CONVERSION = YES;
				CLANG_WARN_COMMA = YES;
				CLANG_WARN_CONSTANT_CONVERSION = YES;
				CLANG_WARN_DEPRECATED_OBJC_IMPLEMENTATIONS = YES;
				CLANG_WARN_DIRECT_OBJC_ISA_USAGE = YES_ERROR;
				CLANG_WARN_DOCUMENTATION_COMMENTS = YES;
				CLANG_WARN_EMPTY_BODY = YES;
				CLANG_WARN_ENUM_CONVERSION = YES;
				CLANG_WARN_INFINITE_RECURSION = YES;
				CLANG_WARN_INT_CONVERSION = YES;
				CLANG_WARN_NON_LITERAL_NULL_CONVERSION = YES;
				CLANG_WARN_OBJC_IMPLICIT_RETAIN_SELF = YES;
				CLANG_WARN_OBJC_LITERAL_CONVERSION = YES;
				CLANG_WARN_OBJC_ROOT_CLASS = YES_ERROR;
				CLANG_WARN_QUOTED_INCLUDE_IN_FRAMEWORK_HEADER = YES;
				CLANG_WARN_RANGE_LOOP_ANALYSIS = YES;
				CLANG_WARN_STRICT_PROTOTYPES = YES;
				CLANG_WARN_SUSPICIOUS_MOVE = YES;
				CLANG_WARN_UNGUARDED_AVAILABILITY = YES_AGGRESSIVE;
				CLANG_WARN_UNREACHABLE_CODE = YES;
				CLANG_WARN__DUPLICATE_METHOD_MATCH = YES;
				COPY_PHASE_STRIP = NO;
				DEBUG_INFORMATION_FORMAT = "dwarf-with-dsym";
				ENABLE_NS_ASSERTIONS = NO;
				ENABLE_STRICT_OBJC_MSGSEND = YES;
				GCC_C_LANGUAGE_STANDARD = gnu11;
				GCC_NO_COMMON_BLOCKS = YES;
				GCC_WARN_64_TO_32_BIT_CONVERSION = YES;
				GCC_WARN_ABOUT_RETURN_TYPE = YES_ERROR;
				GCC_WARN_UNDECLARED_SELECTOR = YES;
				GCC_WARN_UNINITIALIZED_AUTOS = YES_AGGRESSIVE;
				GCC_WARN_UNUSED_FUNCTION = YES;
				GCC_WARN_UNUSED_VARIABLE = YES;
				IPHONEOS_DEPLOYMENT_TARGET = 14.4;
				MTL_ENABLE_DEBUG_INFO = NO;
				MTL_FAST_MATH = YES;
				SDKROOT = iphoneos;
				SWIFT_COMPILATION_MODE = wholemodule;
				SWIFT_OPTIMIZATION_LEVEL = "-O";
				VALIDATE_PRODUCT = YES;
			};
			name = Release;
		};
		CEA50491274EBDA4005BE8D3 /* Debug */ = {
			isa = XCBuildConfiguration;
			buildSettings = {
				ASSETCATALOG_COMPILER_APPICON_NAME = AppIcon;
				ASSETCATALOG_COMPILER_GLOBAL_ACCENT_COLOR_NAME = AccentColor;
				CODE_SIGN_STYLE = Automatic;
				DEVELOPMENT_ASSET_PATHS = "\"TMDb/Preview Content\"";
				ENABLE_PREVIEWS = YES;
				INFOPLIST_FILE = TMDb/Info.plist;
				IPHONEOS_DEPLOYMENT_TARGET = 14.0;
				LD_RUNPATH_SEARCH_PATHS = (
					"$(inherited)",
					"@executable_path/Frameworks",
				);
				PRODUCT_BUNDLE_IDENTIFIER = io.roneshender.dev.TMDb;
				PRODUCT_NAME = "$(TARGET_NAME)";
				SWIFT_VERSION = 5.0;
				TARGETED_DEVICE_FAMILY = "1,2";
			};
			name = Debug;
		};
		CEA50492274EBDA4005BE8D3 /* Release */ = {
			isa = XCBuildConfiguration;
			buildSettings = {
				ASSETCATALOG_COMPILER_APPICON_NAME = AppIcon;
				ASSETCATALOG_COMPILER_GLOBAL_ACCENT_COLOR_NAME = AccentColor;
				CODE_SIGN_STYLE = Automatic;
				DEVELOPMENT_ASSET_PATHS = "\"TMDb/Preview Content\"";
				ENABLE_PREVIEWS = YES;
				INFOPLIST_FILE = TMDb/Info.plist;
				IPHONEOS_DEPLOYMENT_TARGET = 14.0;
				LD_RUNPATH_SEARCH_PATHS = (
					"$(inherited)",
					"@executable_path/Frameworks",
				);
				PRODUCT_BUNDLE_IDENTIFIER = io.roneshender.dev.TMDb;
				PRODUCT_NAME = "$(TARGET_NAME)";
				SWIFT_VERSION = 5.0;
				TARGETED_DEVICE_FAMILY = "1,2";
			};
			name = Release;
		};
		CEA50494274EBDA4005BE8D3 /* Debug */ = {
			isa = XCBuildConfiguration;
			buildSettings = {
				ALWAYS_EMBED_SWIFT_STANDARD_LIBRARIES = YES;
				BUNDLE_LOADER = "$(TEST_HOST)";
				CODE_SIGN_STYLE = Automatic;
				INFOPLIST_FILE = TMDbTests/Info.plist;
				IPHONEOS_DEPLOYMENT_TARGET = 14.0;
				LD_RUNPATH_SEARCH_PATHS = (
					"$(inherited)",
					"@executable_path/Frameworks",
					"@loader_path/Frameworks",
				);
				PRODUCT_BUNDLE_IDENTIFIER = io.roneshender.dev.TMDbTests;
				PRODUCT_NAME = "$(TARGET_NAME)";
				SWIFT_VERSION = 5.0;
				TARGETED_DEVICE_FAMILY = "1,2";
				TEST_HOST = "$(BUILT_PRODUCTS_DIR)/TMDb.app/TMDb";
			};
			name = Debug;
		};
		CEA50495274EBDA4005BE8D3 /* Release */ = {
			isa = XCBuildConfiguration;
			buildSettings = {
				ALWAYS_EMBED_SWIFT_STANDARD_LIBRARIES = YES;
				BUNDLE_LOADER = "$(TEST_HOST)";
				CODE_SIGN_STYLE = Automatic;
				INFOPLIST_FILE = TMDbTests/Info.plist;
				IPHONEOS_DEPLOYMENT_TARGET = 14.0;
				LD_RUNPATH_SEARCH_PATHS = (
					"$(inherited)",
					"@executable_path/Frameworks",
					"@loader_path/Frameworks",
				);
				PRODUCT_BUNDLE_IDENTIFIER = io.roneshender.dev.TMDbTests;
				PRODUCT_NAME = "$(TARGET_NAME)";
				SWIFT_VERSION = 5.0;
				TARGETED_DEVICE_FAMILY = "1,2";
				TEST_HOST = "$(BUILT_PRODUCTS_DIR)/TMDb.app/TMDb";
			};
			name = Release;
		};
		CEA50497274EBDA4005BE8D3 /* Debug */ = {
			isa = XCBuildConfiguration;
			buildSettings = {
				ALWAYS_EMBED_SWIFT_STANDARD_LIBRARIES = YES;
				CODE_SIGN_STYLE = Automatic;
				INFOPLIST_FILE = TMDbUITests/Info.plist;
				LD_RUNPATH_SEARCH_PATHS = (
					"$(inherited)",
					"@executable_path/Frameworks",
					"@loader_path/Frameworks",
				);
				PRODUCT_BUNDLE_IDENTIFIER = io.roneshender.dev.TMDbUITests;
				PRODUCT_NAME = "$(TARGET_NAME)";
				SWIFT_VERSION = 5.0;
				TARGETED_DEVICE_FAMILY = "1,2";
				TEST_TARGET_NAME = TMDb;
			};
			name = Debug;
		};
		CEA50498274EBDA4005BE8D3 /* Release */ = {
			isa = XCBuildConfiguration;
			buildSettings = {
				ALWAYS_EMBED_SWIFT_STANDARD_LIBRARIES = YES;
				CODE_SIGN_STYLE = Automatic;
				INFOPLIST_FILE = TMDbUITests/Info.plist;
				LD_RUNPATH_SEARCH_PATHS = (
					"$(inherited)",
					"@executable_path/Frameworks",
					"@loader_path/Frameworks",
				);
				PRODUCT_BUNDLE_IDENTIFIER = io.roneshender.dev.TMDbUITests;
				PRODUCT_NAME = "$(TARGET_NAME)";
				SWIFT_VERSION = 5.0;
				TARGETED_DEVICE_FAMILY = "1,2";
				TEST_TARGET_NAME = TMDb;
			};
			name = Release;
		};
/* End XCBuildConfiguration section */

/* Begin XCConfigurationList section */
		CEA50466274EBDA3005BE8D3 /* Build configuration list for PBXProject "TMDb" */ = {
			isa = XCConfigurationList;
			buildConfigurations = (
				CEA5048E274EBDA4005BE8D3 /* Debug */,
				CEA5048F274EBDA4005BE8D3 /* Release */,
			);
			defaultConfigurationIsVisible = 0;
			defaultConfigurationName = Release;
		};
		CEA50490274EBDA4005BE8D3 /* Build configuration list for PBXNativeTarget "TMDb" */ = {
			isa = XCConfigurationList;
			buildConfigurations = (
				CEA50491274EBDA4005BE8D3 /* Debug */,
				CEA50492274EBDA4005BE8D3 /* Release */,
			);
			defaultConfigurationIsVisible = 0;
			defaultConfigurationName = Release;
		};
		CEA50493274EBDA4005BE8D3 /* Build configuration list for PBXNativeTarget "TMDbTests" */ = {
			isa = XCConfigurationList;
			buildConfigurations = (
				CEA50494274EBDA4005BE8D3 /* Debug */,
				CEA50495274EBDA4005BE8D3 /* Release */,
			);
			defaultConfigurationIsVisible = 0;
			defaultConfigurationName = Release;
		};
		CEA50496274EBDA4005BE8D3 /* Build configuration list for PBXNativeTarget "TMDbUITests" */ = {
			isa = XCConfigurationList;
			buildConfigurations = (
				CEA50497274EBDA4005BE8D3 /* Debug */,
				CEA50498274EBDA4005BE8D3 /* Release */,
			);
			defaultConfigurationIsVisible = 0;
			defaultConfigurationName = Release;
		};
/* End XCConfigurationList section */

/* Begin XCRemoteSwiftPackageReference section */
		CEA50506274EE90C005BE8D3 /* XCRemoteSwiftPackageReference "ReduxCore" */ = {
			isa = XCRemoteSwiftPackageReference;
			repositoryURL = "https://github.com/roneloza/ReduxCore.git";
			requirement = {
				kind = exactVersion;
				version = 1.0.0;
			};
		};
		CEA5054D274EF6F4005BE8D3 /* XCRemoteSwiftPackageReference "PrograManiacsSwiftUI" */ = {
			isa = XCRemoteSwiftPackageReference;
			repositoryURL = "https://github.com/roneloza/PrograManiacsSwiftUI.git";
			requirement = {
				kind = exactVersion;
				version = 1.0.2;
			};
		};
		CEC89A3C274F4F0F006291F7 /* XCRemoteSwiftPackageReference "SQLite.swift" */ = {
			isa = XCRemoteSwiftPackageReference;
			repositoryURL = "https://github.com/stephencelis/SQLite.swift.git";
			requirement = {
				kind = upToNextMajorVersion;
				minimumVersion = 0.13.1;
			};
		};
/* End XCRemoteSwiftPackageReference section */

/* Begin XCSwiftPackageProductDependency section */
		CEA50507274EE90C005BE8D3 /* ReduxCore */ = {
			isa = XCSwiftPackageProductDependency;
			package = CEA50506274EE90C005BE8D3 /* XCRemoteSwiftPackageReference "ReduxCore" */;
			productName = ReduxCore;
		};
		CEA5054E274EF6F4005BE8D3 /* PrograManiacsSwiftUI */ = {
			isa = XCSwiftPackageProductDependency;
			package = CEA5054D274EF6F4005BE8D3 /* XCRemoteSwiftPackageReference "PrograManiacsSwiftUI" */;
			productName = PrograManiacsSwiftUI;
		};
		CEC89A3D274F4F0F006291F7 /* SQLite */ = {
			isa = XCSwiftPackageProductDependency;
			package = CEC89A3C274F4F0F006291F7 /* XCRemoteSwiftPackageReference "SQLite.swift" */;
			productName = SQLite;
		};
/* End XCSwiftPackageProductDependency section */
	};
	rootObject = CEA50463274EBDA3005BE8D3 /* Project object */;
}
