{
  "object": {
    "pins": [
      {
        "package": "PrograManiacsSwiftUI",
        "repositoryURL": "https://github.com/roneloza/PrograManiacsSwiftUI.git",
        "state": {
          "branch": null,
          "revision": "3cbc8e1e9412d962f5cd072d02fc150721edb4f1",
          "version": "1.0.2"
        }
      },
      {
        "package": "ReduxCore",
        "repositoryURL": "https://github.com/roneloza/ReduxCore.git",
        "state": {
          "branch": null,
          "revision": "e7f01cffeae91cda02dd8a872f53e86c36265f60",
          "version": "1.0.0"
        }
      },
      {
        "package": "SQLite.swift",
        "repositoryURL": "https://github.com/stephencelis/SQLite.swift.git",
        "state": {
          "branch": null,
          "revision": "60a65015f6402b7c34b9a924f755ca0a73afeeaa",
          "version": "0.13.1"
        }
      }
    ]
  },
  "version": 1
}
